
Microsoft Visual Studio Solution File, Format Version 12.00
# Visual Studio 15
VisualStudioVersion = 15.0.28307.489
MinimumVisualStudioVersion = 10.0.40219.1
Project("{FAE04EC0-301F-11D3-BF4B-00C04F79EFBC}") = "Raytracer", "Raytracer\Raytracer.csproj", "{29BFACE4-38C1-42A9-8E9E-C47C2BF09254}"
EndProject
Global
	GlobalSection(SolutionConfigurationPlatforms) = preSolution
		Debug|Any CPU = Debug|Any CPU
		Release|Any CPU = Release|Any CPU
	EndGlobalSection
	GlobalSection(ProjectConfigurationPlatforms) = postSolution
		{29BFACE4-38C1-42A9-8E9E-C47C2BF09254}.Debug|Any CPU.ActiveCfg = Debug|Any CPU
		{29BFACE4-38C1-42A9-8E9E-C47C2BF09254}.Debug|Any CPU.Build.0 = Debug|Any CPU
		{29BFACE4-38C1-42A9-8E9E-C47C2BF09254}.Release|Any CPU.ActiveCfg = Release|Any CPU
		{29BFACE4-38C1-42A9-8E9E-C47C2BF09254}.Release|Any CPU.Build.0 = Release|Any CPU
	EndGlobalSection
	GlobalSection(SolutionProperties) = preSolution
		HideSolutionNode = FALSE
	EndGlobalSection
	GlobalSection(ExtensibilityGlobals) = postSolution
		SolutionGuid = {A0EE29DF-CE8C-4F8D-98E8-76BFA94C24B8}
	EndGlobalSection
EndGlobal
